
Microsoft Visual Studio Solution File, Format Version 12.00
# Visual Studio Version 16
VisualStudioVersion = 16.0.31515.178
MinimumVisualStudioVersion = 10.0.40219.1
Project("{FAE04EC0-301F-11D3-BF4B-00C04F79EFBC}") = "addressbook-web-tests", "addressbook-web-tests\addressbook-web-tests.csproj", "{0F5E7BAE-26EA-47D7-B7D1-C83B92C0F536}"
EndProject
Project("{FAE04EC0-301F-11D3-BF4B-00C04F79EFBC}") = "addressbook-test-data-generators", "addressbook-test-data-generators\addressbook-test-data-generators.csproj", "{69C1DE7C-D1F4-4C49-BB23-C3A1FAEDBEE6}"
	ProjectSection(ProjectDependencies) = postProject
		{0F5E7BAE-26EA-47D7-B7D1-C83B92C0F536} = {0F5E7BAE-26EA-47D7-B7D1-C83B92C0F536}
	EndProjectSection
EndProject
Global
	GlobalSection(SolutionConfigurationPlatforms) = preSolution
		Debug|Any CPU = Debug|Any CPU
		Release|Any CPU = Release|Any CPU
	EndGlobalSection
	GlobalSection(ProjectConfigurationPlatforms) = postSolution
		{0F5E7BAE-26EA-47D7-B7D1-C83B92C0F536}.Debug|Any CPU.ActiveCfg = Debug|Any CPU
		{0F5E7BAE-26EA-47D7-B7D1-C83B92C0F536}.Debug|Any CPU.Build.0 = Debug|Any CPU
		{0F5E7BAE-26EA-47D7-B7D1-C83B92C0F536}.Release|Any CPU.ActiveCfg = Release|Any CPU
		{0F5E7BAE-26EA-47D7-B7D1-C83B92C0F536}.Release|Any CPU.Build.0 = Release|Any CPU
		{69C1DE7C-D1F4-4C49-BB23-C3A1FAEDBEE6}.Debug|Any CPU.ActiveCfg = Debug|Any CPU
		{69C1DE7C-D1F4-4C49-BB23-C3A1FAEDBEE6}.Debug|Any CPU.Build.0 = Debug|Any CPU
		{69C1DE7C-D1F4-4C49-BB23-C3A1FAEDBEE6}.Release|Any CPU.ActiveCfg = Release|Any CPU
		{69C1DE7C-D1F4-4C49-BB23-C3A1FAEDBEE6}.Release|Any CPU.Build.0 = Release|Any CPU
	EndGlobalSection
	GlobalSection(SolutionProperties) = preSolution
		HideSolutionNode = FALSE
	EndGlobalSection
	GlobalSection(ExtensibilityGlobals) = postSolution
		SolutionGuid = {B8F04AFF-1D78-4033-8393-EE94FF20FB04}
	EndGlobalSection
EndGlobal
